# THIS IS AN AUTOGENERATED FILE. DO NOT EDIT THIS FILE DIRECTLY.
# yarn lockfile v1


adler-32@~1.1.0:
  version "1.1.0"
  resolved "https://registry.yarnpkg.com/adler-32/-/adler-32-1.1.0.tgz#03551a5c7f0edfbd4fc8fa12a6814978eab651c3"
  dependencies:
    exit-on-epipe "~1.0.1"
    printj "~1.1.0"

big.js@^3.1.3:
  version "3.2.0"
  resolved "https://registry.yarnpkg.com/big.js/-/big.js-3.2.0.tgz#a5fc298b81b9e0dca2e458824784b65c52ba588e"

cfb@~1.0.1:
  version "1.0.1"
  resolved "https://registry.yarnpkg.com/cfb/-/cfb-1.0.1.tgz#557bb24f67dae78803785a1595d365bc82c5fab4"
  dependencies:
    commander "^2.12.1"
    printj "~1.1.0"

codepage@~1.11.0:
  version "1.11.0"
  resolved "https://registry.yarnpkg.com/codepage/-/codepage-1.11.0.tgz#1076095b9f03b5ca04f43873fa1a627742285de2"
  dependencies:
    commander "~2.11.0"
    exit-on-epipe "~1.0.1"
    voc "~1.0.0"

commander@^2.12.1:
  version "2.12.2"
  resolved "https://registry.yarnpkg.com/commander/-/commander-2.12.2.tgz#0f5946c427ed9ec0d91a46bb9def53e54650e555"

commander@~2.11.0:
  version "2.11.0"
  resolved "https://registry.yarnpkg.com/commander/-/commander-2.11.0.tgz#157152fd1e7a6c8d98a5b715cf376df928004563"

crc-32@~1.1.1:
  version "1.1.1"
  resolved "https://registry.yarnpkg.com/crc-32/-/crc-32-1.1.1.tgz#5d739d5e4c6e352ad8304d73223d483fe55adb8d"
  dependencies:
    exit-on-epipe "~1.0.1"
    printj "~1.1.0"

emojis-list@^2.0.0:
  version "2.1.0"
  resolved "https://registry.yarnpkg.com/emojis-list/-/emojis-list-2.1.0.tgz#4daa4d9db00f9819880c79fa457ae5b09a1fd389"

exit-on-epipe@~1.0.1:
  version "1.0.1"
  resolved "https://registry.yarnpkg.com/exit-on-epipe/-/exit-on-epipe-1.0.1.tgz#0bdd92e87d5285d267daa8171d0eb06159689692"

frac@~1.1.0:
  version "1.1.0"
  resolved "https://registry.yarnpkg.com/frac/-/frac-1.1.0.tgz#dc437e9c6a646b60b127d82ac4902464445cc1e3"
  dependencies:
    voc "~1.0.0"

json5@^0.5.0:
  version "0.5.1"
  resolved "https://registry.yarnpkg.com/json5/-/json5-0.5.1.tgz#1eade7acc012034ad84e2396767ead9fa5495821"

loader-utils@^1.1.0:
  version "1.1.0"
  resolved "https://registry.yarnpkg.com/loader-utils/-/loader-utils-1.1.0.tgz#c98aef488bcceda2ffb5e2de646d6a754429f5cd"
  dependencies:
    big.js "^3.1.3"
    emojis-list "^2.0.0"
    json5 "^0.5.0"

printj@~1.1.0:
  version "1.1.0"
  resolved "https://registry.yarnpkg.com/printj/-/printj-1.1.0.tgz#85487b5e8f96763b0b4a253613bef9dd9b387e3c"

ssf@~0.10.1:
  version "0.10.1"
  resolved "https://registry.yarnpkg.com/ssf/-/ssf-0.10.1.tgz#f23d82b63792ef56089089c1cd0c848e911cdba6"
  dependencies:
    frac "~1.1.0"

voc@~1.0.0:
  version "1.0.0"
  resolved "https://registry.yarnpkg.com/voc/-/voc-1.0.0.tgz#5465c0ce11d0881f7d8e36d8ca587043f33a25ae"

xlsx@^0.11.13:
  version "0.11.13"
  resolved "https://registry.yarnpkg.com/xlsx/-/xlsx-0.11.13.tgz#20f87f632b282935dbd52240ab7b82d759745de0"
  dependencies:
    adler-32 "~1.1.0"
    cfb "~1.0.1"
    codepage "~1.11.0"
    commander "~2.11.0"
    crc-32 "~1.1.1"
    exit-on-epipe "~1.0.1"
    ssf "~0.10.1"
